
Microsoft Visual Studio Solution File, Format Version 12.00
# Visual Studio Version 17
VisualStudioVersion = 17.6.33801.468
MinimumVisualStudioVersion = 10.0.40219.1
Project("{FAE04EC0-301F-11D3-BF4B-00C04F79EFBC}") = "SpringProject.Web", "SpringProject.Web\SpringProject.Web.csproj", "{3889FC6B-6DA8-4A56-8946-0A040C1817EC}"
EndProject
Global
	GlobalSection(SolutionConfigurationPlatforms) = preSolution
		Debug|Any CPU = Debug|Any CPU
		Release|Any CPU = Release|Any CPU
	EndGlobalSection
	GlobalSection(ProjectConfigurationPlatforms) = postSolution
		{3889FC6B-6DA8-4A56-8946-0A040C1817EC}.Debug|Any CPU.ActiveCfg = Debug|Any CPU
		{3889FC6B-6DA8-4A56-8946-0A040C1817EC}.Debug|Any CPU.Build.0 = Debug|Any CPU
		{3889FC6B-6DA8-4A56-8946-0A040C1817EC}.Release|Any CPU.ActiveCfg = Release|Any CPU
		{3889FC6B-6DA8-4A56-8946-0A040C1817EC}.Release|Any CPU.Build.0 = Release|Any CPU
	EndGlobalSection
	GlobalSection(SolutionProperties) = preSolution
		HideSolutionNode = FALSE
	EndGlobalSection
	GlobalSection(ExtensibilityGlobals) = postSolution
		SolutionGuid = {9DA15247-AE7C-4FB6-8863-AB26F0A68F3E}
	EndGlobalSection
EndGlobal
